
Microsoft Visual Studio Solution File, Format Version 12.00
# Visual Studio Version 16
VisualStudioVersion = 16.0.29609.76
MinimumVisualStudioVersion = 10.0.40219.1
Project("{FAE04EC0-301F-11D3-BF4B-00C04F79EFBC}") = "Day09", "Day09\Day09.csproj", "{0F6A8A40-D860-47A8-A19E-0F311BE2CC23}"
EndProject
Global
	GlobalSection(SolutionConfigurationPlatforms) = preSolution
		Debug|Any CPU = Debug|Any CPU
		Release|Any CPU = Release|Any CPU
	EndGlobalSection
	GlobalSection(ProjectConfigurationPlatforms) = postSolution
		{0F6A8A40-D860-47A8-A19E-0F311BE2CC23}.Debug|Any CPU.ActiveCfg = Debug|Any CPU
		{0F6A8A40-D860-47A8-A19E-0F311BE2CC23}.Debug|Any CPU.Build.0 = Debug|Any CPU
		{0F6A8A40-D860-47A8-A19E-0F311BE2CC23}.Release|Any CPU.ActiveCfg = Release|Any CPU
		{0F6A8A40-D860-47A8-A19E-0F311BE2CC23}.Release|Any CPU.Build.0 = Release|Any CPU
	EndGlobalSection
	GlobalSection(SolutionProperties) = preSolution
		HideSolutionNode = FALSE
	EndGlobalSection
	GlobalSection(ExtensibilityGlobals) = postSolution
		SolutionGuid = {6749E859-AF2C-433D-978A-12CEBC9ADAB4}
	EndGlobalSection
EndGlobal
